
Microsoft Visual Studio Solution File, Format Version 12.00
# Visual Studio 15
VisualStudioVersion = 15.0.28307.705
MinimumVisualStudioVersion = 10.0.40219.1
Project("{FAE04EC0-301F-11D3-BF4B-00C04F79EFBC}") = "NativeBackground", "NativeBackground\NativeBackground\NativeBackground.csproj", "{5EF7BAE1-82CB-4394-AECA-5BB25287B99A}"
EndProject
Project("{FAE04EC0-301F-11D3-BF4B-00C04F79EFBC}") = "NativeBackground.Android", "NativeBackground\NativeBackground.Android\NativeBackground.Android.csproj", "{A7EB2838-4F96-4F6C-B3FC-7489BDBF4FB5}"
EndProject
Project("{FAE04EC0-301F-11D3-BF4B-00C04F79EFBC}") = "NativeBackground.iOS", "NativeBackground\NativeBackground.iOS\NativeBackground.iOS.csproj", "{072BC773-1135-4D96-B803-01872E83940F}"
EndProject
Project("{2150E333-8FDC-42A3-9474-1A3956D46DE8}") = "Solution Items", "Solution Items", "{F186B99B-04CA-412D-8A08-A7CA62A48F99}"
	ProjectSection(SolutionItems) = preProject
		README.md = README.md
		LICENSE = LICENSE
		.editorconfig = .editorconfig
	EndProjectSection
EndProject
Global
	GlobalSection(SolutionConfigurationPlatforms) = preSolution
		Ad-Hoc|Any CPU = Ad-Hoc|Any CPU
		Ad-Hoc|iPhone = Ad-Hoc|iPhone
		Ad-Hoc|iPhoneSimulator = Ad-Hoc|iPhoneSimulator
		AppStore|Any CPU = AppStore|Any CPU
		AppStore|iPhone = AppStore|iPhone
		AppStore|iPhoneSimulator = AppStore|iPhoneSimulator
		Debug|Any CPU = Debug|Any CPU
		Debug|iPhone = Debug|iPhone
		Debug|iPhoneSimulator = Debug|iPhoneSimulator
		Release|Any CPU = Release|Any CPU
		Release|iPhone = Release|iPhone
		Release|iPhoneSimulator = Release|iPhoneSimulator
	EndGlobalSection
	GlobalSection(ProjectConfigurationPlatforms) = postSolution
		{5EF7BAE1-82CB-4394-AECA-5BB25287B99A}.Ad-Hoc|Any CPU.ActiveCfg = Debug|Any CPU
		{5EF7BAE1-82CB-4394-AECA-5BB25287B99A}.Ad-Hoc|Any CPU.Build.0 = Debug|Any CPU
		{5EF7BAE1-82CB-4394-AECA-5BB25287B99A}.Ad-Hoc|iPhone.ActiveCfg = Debug|Any CPU
		{5EF7BAE1-82CB-4394-AECA-5BB25287B99A}.Ad-Hoc|iPhone.Build.0 = Debug|Any CPU
		{5EF7BAE1-82CB-4394-AECA-5BB25287B99A}.Ad-Hoc|iPhoneSimulator.ActiveCfg = Debug|Any CPU
		{5EF7BAE1-82CB-4394-AECA-5BB25287B99A}.Ad-Hoc|iPhoneSimulator.Build.0 = Debug|Any CPU
		{5EF7BAE1-82CB-4394-AECA-5BB25287B99A}.AppStore|Any CPU.ActiveCfg = Debug|Any CPU
		{5EF7BAE1-82CB-4394-AECA-5BB25287B99A}.AppStore|Any CPU.Build.0 = Debug|Any CPU
		{5EF7BAE1-82CB-4394-AECA-5BB25287B99A}.AppStore|iPhone.ActiveCfg = Debug|Any CPU
		{5EF7BAE1-82CB-4394-AECA-5BB25287B99A}.AppStore|iPhone.Build.0 = Debug|Any CPU
		{5EF7BAE1-82CB-4394-AECA-5BB25287B99A}.AppStore|iPhoneSimulator.ActiveCfg = Debug|Any CPU
		{5EF7BAE1-82CB-4394-AECA-5BB25287B99A}.AppStore|iPhoneSimulator.Build.0 = Debug|Any CPU
		{5EF7BAE1-82CB-4394-AECA-5BB25287B99A}.Debug|Any CPU.ActiveCfg = Debug|Any CPU
		{5EF7BAE1-82CB-4394-AECA-5BB25287B99A}.Debug|Any CPU.Build.0 = Debug|Any CPU
		{5EF7BAE1-82CB-4394-AECA-5BB25287B99A}.Debug|iPhone.ActiveCfg = Debug|Any CPU
		{5EF7BAE1-82CB-4394-AECA-5BB25287B99A}.Debug|iPhone.Build.0 = Debug|Any CPU
		{5EF7BAE1-82CB-4394-AECA-5BB25287B99A}.Debug|iPhoneSimulator.ActiveCfg = Debug|Any CPU
		{5EF7BAE1-82CB-4394-AECA-5BB25287B99A}.Debug|iPhoneSimulator.Build.0 = Debug|Any CPU
		{5EF7BAE1-82CB-4394-AECA-5BB25287B99A}.Release|Any CPU.ActiveCfg = Release|Any CPU
		{5EF7BAE1-82CB-4394-AECA-5BB25287B99A}.Release|Any CPU.Build.0 = Release|Any CPU
		{5EF7BAE1-82CB-4394-AECA-5BB25287B99A}.Release|iPhone.ActiveCfg = Release|Any CPU
		{5EF7BAE1-82CB-4394-AECA-5BB25287B99A}.Release|iPhone.Build.0 = Release|Any CPU
		{5EF7BAE1-82CB-4394-AECA-5BB25287B99A}.Release|iPhoneSimulator.ActiveCfg = Release|Any CPU
		{5EF7BAE1-82CB-4394-AECA-5BB25287B99A}.Release|iPhoneSimulator.Build.0 = Release|Any CPU
		{A7EB2838-4F96-4F6C-B3FC-7489BDBF4FB5}.Ad-Hoc|Any CPU.ActiveCfg = Release|Any CPU
		{A7EB2838-4F96-4F6C-B3FC-7489BDBF4FB5}.Ad-Hoc|Any CPU.Build.0 = Release|Any CPU
		{A7EB2838-4F96-4F6C-B3FC-7489BDBF4FB5}.Ad-Hoc|Any CPU.Deploy.0 = Release|Any CPU
		{A7EB2838-4F96-4F6C-B3FC-7489BDBF4FB5}.Ad-Hoc|iPhone.ActiveCfg = Release|Any CPU
		{A7EB2838-4F96-4F6C-B3FC-7489BDBF4FB5}.Ad-Hoc|iPhone.Build.0 = Release|Any CPU
		{A7EB2838-4F96-4F6C-B3FC-7489BDBF4FB5}.Ad-Hoc|iPhone.Deploy.0 = Release|Any CPU
		{A7EB2838-4F96-4F6C-B3FC-7489BDBF4FB5}.Ad-Hoc|iPhoneSimulator.ActiveCfg = Release|Any CPU
		{A7EB2838-4F96-4F6C-B3FC-7489BDBF4FB5}.Ad-Hoc|iPhoneSimulator.Build.0 = Release|Any CPU
		{A7EB2838-4F96-4F6C-B3FC-7489BDBF4FB5}.Ad-Hoc|iPhoneSimulator.Deploy.0 = Release|Any CPU
		{A7EB2838-4F96-4F6C-B3FC-7489BDBF4FB5}.AppStore|Any CPU.ActiveCfg = Release|Any CPU
		{A7EB2838-4F96-4F6C-B3FC-7489BDBF4FB5}.AppStore|Any CPU.Build.0 = Release|Any CPU
		{A7EB2838-4F96-4F6C-B3FC-7489BDBF4FB5}.AppStore|Any CPU.Deploy.0 = Release|Any CPU
		{A7EB2838-4F96-4F6C-B3FC-7489BDBF4FB5}.AppStore|iPhone.ActiveCfg = Release|Any CPU
		{A7EB2838-4F96-4F6C-B3FC-7489BDBF4FB5}.AppStore|iPhone.Build.0 = Release|Any CPU
		{A7EB2838-4F96-4F6C-B3FC-7489BDBF4FB5}.AppStore|iPhone.Deploy.0 = Release|Any CPU
		{A7EB2838-4F96-4F6C-B3FC-7489BDBF4FB5}.AppStore|iPhoneSimulator.ActiveCfg = Release|Any CPU
		{A7EB2838-4F96-4F6C-B3FC-7489BDBF4FB5}.AppStore|iPhoneSimulator.Build.0 = Release|Any CPU
		{A7EB2838-4F96-4F6C-B3FC-7489BDBF4FB5}.AppStore|iPhoneSimulator.Deploy.0 = Release|Any CPU
		{A7EB2838-4F96-4F6C-B3FC-7489BDBF4FB5}.Debug|Any CPU.ActiveCfg = Debug|Any CPU
		{A7EB2838-4F96-4F6C-B3FC-7489BDBF4FB5}.Debug|Any CPU.Build.0 = Debug|Any CPU
		{A7EB2838-4F96-4F6C-B3FC-7489BDBF4FB5}.Debug|Any CPU.Deploy.0 = Debug|Any CPU
		{A7EB2838-4F96-4F6C-B3FC-7489BDBF4FB5}.Debug|iPhone.ActiveCfg = Debug|Any CPU
		{A7EB2838-4F96-4F6C-B3FC-7489BDBF4FB5}.Debug|iPhone.Build.0 = Debug|Any CPU
		{A7EB2838-4F96-4F6C-B3FC-7489BDBF4FB5}.Debug|iPhone.Deploy.0 = Debug|Any CPU
		{A7EB2838-4F96-4F6C-B3FC-7489BDBF4FB5}.Debug|iPhoneSimulator.ActiveCfg = Debug|Any CPU
		{A7EB2838-4F96-4F6C-B3FC-7489BDBF4FB5}.Debug|iPhoneSimulator.Build.0 = Debug|Any CPU
		{A7EB2838-4F96-4F6C-B3FC-7489BDBF4FB5}.Debug|iPhoneSimulator.Deploy.0 = Debug|Any CPU
		{A7EB2838-4F96-4F6C-B3FC-7489BDBF4FB5}.Release|Any CPU.ActiveCfg = Release|Any CPU
		{A7EB2838-4F96-4F6C-B3FC-7489BDBF4FB5}.Release|Any CPU.Build.0 = Release|Any CPU
		{A7EB2838-4F96-4F6C-B3FC-7489BDBF4FB5}.Release|Any CPU.Deploy.0 = Release|Any CPU
		{A7EB2838-4F96-4F6C-B3FC-7489BDBF4FB5}.Release|iPhone.ActiveCfg = Release|Any CPU
		{A7EB2838-4F96-4F6C-B3FC-7489BDBF4FB5}.Release|iPhone.Build.0 = Release|Any CPU
		{A7EB2838-4F96-4F6C-B3FC-7489BDBF4FB5}.Release|iPhone.Deploy.0 = Release|Any CPU
		{A7EB2838-4F96-4F6C-B3FC-7489BDBF4FB5}.Release|iPhoneSimulator.ActiveCfg = Release|Any CPU
		{A7EB2838-4F96-4F6C-B3FC-7489BDBF4FB5}.Release|iPhoneSimulator.Build.0 = Release|Any CPU
		{A7EB2838-4F96-4F6C-B3FC-7489BDBF4FB5}.Release|iPhoneSimulator.Deploy.0 = Release|Any CPU
		{072BC773-1135-4D96-B803-01872E83940F}.Ad-Hoc|Any CPU.ActiveCfg = Ad-Hoc|iPhone
		{072BC773-1135-4D96-B803-01872E83940F}.Ad-Hoc|iPhone.ActiveCfg = Ad-Hoc|iPhone
		{072BC773-1135-4D96-B803-01872E83940F}.Ad-Hoc|iPhone.Build.0 = Ad-Hoc|iPhone
		{072BC773-1135-4D96-B803-01872E83940F}.Ad-Hoc|iPhoneSimulator.ActiveCfg = Ad-Hoc|iPhoneSimulator
		{072BC773-1135-4D96-B803-01872E83940F}.Ad-Hoc|iPhoneSimulator.Build.0 = Ad-Hoc|iPhoneSimulator
		{072BC773-1135-4D96-B803-01872E83940F}.AppStore|Any CPU.ActiveCfg = AppStore|iPhone
		{072BC773-1135-4D96-B803-01872E83940F}.AppStore|iPhone.ActiveCfg = AppStore|iPhone
		{072BC773-1135-4D96-B803-01872E83940F}.AppStore|iPhone.Build.0 = AppStore|iPhone
		{072BC773-1135-4D96-B803-01872E83940F}.AppStore|iPhoneSimulator.ActiveCfg = AppStore|iPhoneSimulator
		{072BC773-1135-4D96-B803-01872E83940F}.AppStore|iPhoneSimulator.Build.0 = AppStore|iPhoneSimulator
		{072BC773-1135-4D96-B803-01872E83940F}.Debug|Any CPU.ActiveCfg = Debug|iPhone
		{072BC773-1135-4D96-B803-01872E83940F}.Debug|iPhone.ActiveCfg = Debug|iPhone
		{072BC773-1135-4D96-B803-01872E83940F}.Debug|iPhone.Build.0 = Debug|iPhone
		{072BC773-1135-4D96-B803-01872E83940F}.Debug|iPhoneSimulator.ActiveCfg = Debug|iPhoneSimulator
		{072BC773-1135-4D96-B803-01872E83940F}.Debug|iPhoneSimulator.Build.0 = Debug|iPhoneSimulator
		{072BC773-1135-4D96-B803-01872E83940F}.Release|Any CPU.ActiveCfg = Release|iPhone
		{072BC773-1135-4D96-B803-01872E83940F}.Release|iPhone.ActiveCfg = Release|iPhone
		{072BC773-1135-4D96-B803-01872E83940F}.Release|iPhone.Build.0 = Release|iPhone
		{072BC773-1135-4D96-B803-01872E83940F}.Release|iPhoneSimulator.ActiveCfg = Release|iPhoneSimulator
		{072BC773-1135-4D96-B803-01872E83940F}.Release|iPhoneSimulator.Build.0 = Release|iPhoneSimulator
	EndGlobalSection
	GlobalSection(SolutionProperties) = preSolution
		HideSolutionNode = FALSE
	EndGlobalSection
	GlobalSection(ExtensibilityGlobals) = postSolution
		SolutionGuid = {BC85A4F6-E701-441D-AB12-D427961C6197}
	EndGlobalSection
EndGlobal
